// !$*UTF8*$!
{
	archiveVersion = 1;
	classes = {
	};
	objectVersion = 46;
	objects = {

/* Begin PBXBuildFile section */
		79C47B971A3B6F2100FA1670 /* AppDelegate.swift in Sources */ = {isa = PBXBuildFile; fileRef = 79C47B961A3B6F2100FA1670 /* AppDelegate.swift */; };
		79C47B991A3B6F2100FA1670 /* ViewController.swift in Sources */ = {isa = PBXBuildFile; fileRef = 79C47B981A3B6F2100FA1670 /* ViewController.swift */; };
		79C47B9C1A3B6F2100FA1670 /* Main.storyboard in Resources */ = {isa = PBXBuildFile; fileRef = 79C47B9A1A3B6F2100FA1670 /* Main.storyboard */; };
		79C47B9E1A3B6F2100FA1670 /* Images.xcassets in Resources */ = {isa = PBXBuildFile; fileRef = 79C47B9D1A3B6F2100FA1670 /* Images.xcassets */; };
		79C47BA11A3B6F2100FA1670 /* LaunchScreen.xib in Resources */ = {isa = PBXBuildFile; fileRef = 79C47B9F1A3B6F2100FA1670 /* LaunchScreen.xib */; };
		79C47BAD1A3B6F2100FA1670 /* MathLibrary2Tests.swift in Sources */ = {isa = PBXBuildFile; fileRef = 79C47BAC1A3B6F2100FA1670 /* MathLibrary2Tests.swift */; };
		79C47BB71A3B6F6500FA1670 /* shelf-wall2-2.png in Resources */ = {isa = PBXBuildFile; fileRef = 79C47BB61A3B6F6500FA1670 /* shelf-wall2-2.png */; };
		79C47BB91A3B6F7500FA1670 /* brown_book_by_lyotta-d5sw9q1-3.png in Resources */ = {isa = PBXBuildFile; fileRef = 79C47BB81A3B6F7500FA1670 /* brown_book_by_lyotta-d5sw9q1-3.png */; };
/* End PBXBuildFile section */

/* Begin PBXContainerItemProxy section */
		79C47BA71A3B6F2100FA1670 /* PBXContainerItemProxy */ = {
			isa = PBXContainerItemProxy;
			containerPortal = 79C47B891A3B6F2100FA1670 /* Project object */;
			proxyType = 1;
			remoteGlobalIDString = 79C47B901A3B6F2100FA1670;
			remoteInfo = MathLibrary2;
		};
/* End PBXContainerItemProxy section */

/* Begin PBXFileReference section */
		79C47B911A3B6F2100FA1670 /* MathLibrary2.app */ = {isa = PBXFileReference; explicitFileType = wrapper.application; includeInIndex = 0; path = MathLibrary2.app; sourceTree = BUILT_PRODUCTS_DIR; };
		79C47B951A3B6F2100FA1670 /* Info.plist */ = {isa = PBXFileReference; lastKnownFileType = text.plist.xml; path = Info.plist; sourceTree = "<group>"; };
		79C47B961A3B6F2100FA1670 /* AppDelegate.swift */ = {isa = PBXFileReference; lastKnownFileType = sourcecode.swift; path = AppDelegate.swift; sourceTree = "<group>"; };
		79C47B981A3B6F2100FA1670 /* ViewController.swift */ = {isa = PBXFileReference; lastKnownFileType = sourcecode.swift; path = ViewController.swift; sourceTree = "<group>"; };
		79C47B9B1A3B6F2100FA1670 /* Base */ = {isa = PBXFileReference; lastKnownFileType = file.storyboard; name = Base; path = Base.lproj/Main.storyboard; sourceTree = "<group>"; };
		79C47B9D1A3B6F2100FA1670 /* Images.xcassets */ = {isa = PBXFileReference; lastKnownFileType = folder.assetcatalog; path = Images.xcassets; sourceTree = "<group>"; };
		79C47BA01A3B6F2100FA1670 /* Base */ = {isa = PBXFileReference; lastKnownFileType = file.xib; name = Base; path = Base.lproj/LaunchScreen.xib; sourceTree = "<group>"; };
		79C47BA61A3B6F2100FA1670 /* MathLibrary2Tests.xctest */ = {isa = PBXFileReference; explicitFileType = wrapper.cfbundle; includeInIndex = 0; path = MathLibrary2Tests.xctest; sourceTree = BUILT_PRODUCTS_DIR; };
		79C47BAB1A3B6F2100FA1670 /* Info.plist */ = {isa = PBXFileReference; lastKnownFileType = text.plist.xml; path = Info.plist; sourceTree = "<group>"; };
		79C47BAC1A3B6F2100FA1670 /* MathLibrary2Tests.swift */ = {isa = PBXFileReference; lastKnownFileType = sourcecode.swift; path = MathLibrary2Tests.swift; sourceTree = "<group>"; };
		79C47BB61A3B6F6500FA1670 /* shelf-wall2-2.png */ = {isa = PBXFileReference; lastKnownFileType = image.png; path = "shelf-wall2-2.png"; sourceTree = "<group>"; };
		79C47BB81A3B6F7500FA1670 /* brown_book_by_lyotta-d5sw9q1-3.png */ = {isa = PBXFileReference; lastKnownFileType = image.png; path = "brown_book_by_lyotta-d5sw9q1-3.png"; sourceTree = "<group>"; };
/* End PBXFileReference section */

/* Begin PBXFrameworksBuildPhase section */
		79C47B8E1A3B6F2100FA1670 /* Frameworks */ = {
			isa = PBXFrameworksBuildPhase;
			buildActionMask = 2147483647;
			files = (
			);
			runOnlyForDeploymentPostprocessing = 0;
		};
		79C47BA31A3B6F2100FA1670 /* Frameworks */ = {
			isa = PBXFrameworksBuildPhase;
			buildActionMask = 2147483647;
			files = (
			);
			runOnlyForDeploymentPostprocessing = 0;
		};
/* End PBXFrameworksBuildPhase section */

/* Begin PBXGroup section */
		79C47B881A3B6F2100FA1670 = {
			isa = PBXGroup;
			children = (
				79C47B931A3B6F2100FA1670 /* MathLibrary2 */,
				79C47BA91A3B6F2100FA1670 /* MathLibrary2Tests */,
				79C47B921A3B6F2100FA1670 /* Products */,
			);
			sourceTree = "<group>";
		};
		79C47B921A3B6F2100FA1670 /* Products */ = {
			isa = PBXGroup;
			children = (
				79C47B911A3B6F2100FA1670 /* MathLibrary2.app */,
				79C47BA61A3B6F2100FA1670 /* MathLibrary2Tests.xctest */,
			);
			name = Products;
			sourceTree = "<group>";
		};
		79C47B931A3B6F2100FA1670 /* MathLibrary2 */ = {
			isa = PBXGroup;
			children = (
				79C47B961A3B6F2100FA1670 /* AppDelegate.swift */,
				79C47B981A3B6F2100FA1670 /* ViewController.swift */,
				79C47B9A1A3B6F2100FA1670 /* Main.storyboard */,
				79C47B9D1A3B6F2100FA1670 /* Images.xcassets */,
				79C47BB61A3B6F6500FA1670 /* shelf-wall2-2.png */,
				79C47BB81A3B6F7500FA1670 /* brown_book_by_lyotta-d5sw9q1-3.png */,
				79C47B9F1A3B6F2100FA1670 /* LaunchScreen.xib */,
				79C47B941A3B6F2100FA1670 /* Supporting Files */,
			);
			path = MathLibrary2;
			sourceTree = "<group>";
		};
		79C47B941A3B6F2100FA1670 /* Supporting Files */ = {
			isa = PBXGroup;
			children = (
				79C47B951A3B6F2100FA1670 /* Info.plist */,
			);
			name = "Supporting Files";
			sourceTree = "<group>";
		};
		79C47BA91A3B6F2100FA1670 /* MathLibrary2Tests */ = {
			isa = PBXGroup;
			children = (
				79C47BAC1A3B6F2100FA1670 /* MathLibrary2Tests.swift */,
				79C47BAA1A3B6F2100FA1670 /* Supporting Files */,
			);
			path = MathLibrary2Tests;
			sourceTree = "<group>";
		};
		79C47BAA1A3B6F2100FA1670 /* Supporting Files */ = {
			isa = PBXGroup;
			children = (
				79C47BAB1A3B6F2100FA1670 /* Info.plist */,
			);
			name = "Supporting Files";
			sourceTree = "<group>";
		};
/* End PBXGroup section */

/* Begin PBXNativeTarget section */
		79C47B901A3B6F2100FA1670 /* MathLibrary2 */ = {
			isa = PBXNativeTarget;
			buildConfigurationList = 79C47BB01A3B6F2100FA1670 /* Build configuration list for PBXNativeTarget "MathLibrary2" */;
			buildPhases = (
				79C47B8D1A3B6F2100FA1670 /* Sources */,
				79C47B8E1A3B6F2100FA1670 /* Frameworks */,
				79C47B8F1A3B6F2100FA1670 /* Resources */,
			);
			buildRules = (
			);
			dependencies = (
			);
			name = MathLibrary2;
			productName = MathLibrary2;
			productReference = 79C47B911A3B6F2100FA1670 /* MathLibrary2.app */;
			productType = "com.apple.product-type.application";
		};
		79C47BA51A3B6F2100FA1670 /* MathLibrary2Tests */ = {
			isa = PBXNativeTarget;
			buildConfigurationList = 79C47BB31A3B6F2100FA1670 /* Build configuration list for PBXNativeTarget "MathLibrary2Tests" */;
			buildPhases = (
				79C47BA21A3B6F2100FA1670 /* Sources */,
				79C47BA31A3B6F2100FA1670 /* Frameworks */,
				79C47BA41A3B6F2100FA1670 /* Resources */,
			);
			buildRules = (
			);
			dependencies = (
				79C47BA81A3B6F2100FA1670 /* PBXTargetDependency */,
			);
			name = MathLibrary2Tests;
			productName = MathLibrary2Tests;
			productReference = 79C47BA61A3B6F2100FA1670 /* MathLibrary2Tests.xctest */;
			productType = "com.apple.product-type.bundle.unit-test";
		};
/* End PBXNativeTarget section */

/* Begin PBXProject section */
		79C47B891A3B6F2100FA1670 /* Project object */ = {
			isa = PBXProject;
			attributes = {
				LastUpgradeCheck = 0610;
				ORGANIZATIONNAME = "Up Early, LLC";
				TargetAttributes = {
					79C47B901A3B6F2100FA1670 = {
						CreatedOnToolsVersion = 6.1.1;
					};
					79C47BA51A3B6F2100FA1670 = {
						CreatedOnToolsVersion = 6.1.1;
						TestTargetID = 79C47B901A3B6F2100FA1670;
					};
				};
			};
			buildConfigurationList = 79C47B8C1A3B6F2100FA1670 /* Build configuration list for PBXProject "MathLibrary2" */;
			compatibilityVersion = "Xcode 3.2";
			developmentRegion = English;
			hasScannedForEncodings = 0;
			knownRegions = (
				en,
				Base,
			);
			mainGroup = 79C47B881A3B6F2100FA1670;
			productRefGroup = 79C47B921A3B6F2100FA1670 /* Products */;
			projectDirPath = "";
			projectRoot = "";
			targets = (
				79C47B901A3B6F2100FA1670 /* MathLibrary2 */,
				79C47BA51A3B6F2100FA1670 /* MathLibrary2Tests */,
			);
		};
/* End PBXProject section */

/* Begin PBXResourcesBuildPhase section */
		79C47B8F1A3B6F2100FA1670 /* Resources */ = {
			isa = PBXResourcesBuildPhase;
			buildActionMask = 2147483647;
			files = (
				79C47BB91A3B6F7500FA1670 /* brown_book_by_lyotta-d5sw9q1-3.png in Resources */,
				79C47BB71A3B6F6500FA1670 /* shelf-wall2-2.png in Resources */,
				79C47B9C1A3B6F2100FA1670 /* Main.storyboard in Resources */,
				79C47BA11A3B6F2100FA1670 /* LaunchScreen.xib in Resources */,
				79C47B9E1A3B6F2100FA1670 /* Images.xcassets in Resources */,
			);
			runOnlyForDeploymentPostprocessing = 0;
		};
		79C47BA41A3B6F2100FA1670 /* Resources */ = {
			isa = PBXResourcesBuildPhase;
			buildActionMask = 2147483647;
			files = (
			);
			runOnlyForDeploymentPostprocessing = 0;
		};
/* End PBXResourcesBuildPhase section */

/* Begin PBXSourcesBuildPhase section */
		79C47B8D1A3B6F2100FA1670 /* Sources */ = {
			isa = PBXSourcesBuildPhase;
			buildActionMask = 2147483647;
			files = (
				79C47B991A3B6F2100FA1670 /* ViewController.swift in Sources */,
				79C47B971A3B6F2100FA1670 /* AppDelegate.swift in Sources */,
			);
			runOnlyForDeploymentPostprocessing = 0;
		};
		79C47BA21A3B6F2100FA1670 /* Sources */ = {
			isa = PBXSourcesBuildPhase;
			buildActionMask = 2147483647;
			files = (
				79C47BAD1A3B6F2100FA1670 /* MathLibrary2Tests.swift in Sources */,
			);
			runOnlyForDeploymentPostprocessing = 0;
		};
/* End PBXSourcesBuildPhase section */

/* Begin PBXTargetDependency section */
		79C47BA81A3B6F2100FA1670 /* PBXTargetDependency */ = {
			isa = PBXTargetDependency;
			target = 79C47B901A3B6F2100FA1670 /* MathLibrary2 */;
			targetProxy = 79C47BA71A3B6F2100FA1670 /* PBXContainerItemProxy */;
		};
/* End PBXTargetDependency section */

/* Begin PBXVariantGroup section */
		79C47B9A1A3B6F2100FA1670 /* Main.storyboard */ = {
			isa = PBXVariantGroup;
			children = (
				79C47B9B1A3B6F2100FA1670 /* Base */,
			);
			name = Main.storyboard;
			sourceTree = "<group>";
		};
		79C47B9F1A3B6F2100FA1670 /* LaunchScreen.xib */ = {
			isa = PBXVariantGroup;
			children = (
				79C47BA01A3B6F2100FA1670 /* Base */,
			);
			name = LaunchScreen.xib;
			sourceTree = "<group>";
		};
/* End PBXVariantGroup section */

/* Begin XCBuildConfiguration section */
		79C47BAE1A3B6F2100FA1670 /* Debug */ = {
			isa = XCBuildConfiguration;
			buildSettings = {
				ALWAYS_SEARCH_USER_PATHS = NO;
				CLANG_CXX_LANGUAGE_STANDARD = "gnu++0x";
				CLANG_CXX_LIBRARY = "libc++";
				CLANG_ENABLE_MODULES = YES;
				CLANG_ENABLE_OBJC_ARC = YES;
				CLANG_WARN_BOOL_CONVERSION = YES;
				CLANG_WARN_CONSTANT_CONVERSION = YES;
				CLANG_WARN_DIRECT_OBJC_ISA_USAGE = YES_ERROR;
				CLANG_WARN_EMPTY_BODY = YES;
				CLANG_WARN_ENUM_CONVERSION = YES;
				CLANG_WARN_INT_CONVERSION = YES;
				CLANG_WARN_OBJC_ROOT_CLASS = YES_ERROR;
				CLANG_WARN_UNREACHABLE_CODE = YES;
				CLANG_WARN__DUPLICATE_METHOD_MATCH = YES;
				"CODE_SIGN_IDENTITY[sdk=iphoneos*]" = "iPhone Developer";
				COPY_PHASE_STRIP = NO;
				ENABLE_STRICT_OBJC_MSGSEND = YES;
				GCC_C_LANGUAGE_STANDARD = gnu99;
				GCC_DYNAMIC_NO_PIC = NO;
				GCC_OPTIMIZATION_LEVEL = 0;
				GCC_PREPROCESSOR_DEFINITIONS = (
					"DEBUG=1",
					"$(inherited)",
				);
				GCC_SYMBOLS_PRIVATE_EXTERN = NO;
				GCC_WARN_64_TO_32_BIT_CONVERSION = YES;
				GCC_WARN_ABOUT_RETURN_TYPE = YES_ERROR;
				GCC_WARN_UNDECLARED_SELECTOR = YES;
				GCC_WARN_UNINITIALIZED_AUTOS = YES_AGGRESSIVE;
				GCC_WARN_UNUSED_FUNCTION = YES;
				GCC_WARN_UNUSED_VARIABLE = YES;
				IPHONEOS_DEPLOYMENT_TARGET = 8.1;
				MTL_ENABLE_DEBUG_INFO = YES;
				ONLY_ACTIVE_ARCH = YES;
				SDKROOT = iphoneos;
				SWIFT_OPTIMIZATION_LEVEL = "-Onone";
			};
			name = Debug;
		};
		79C47BAF1A3B6F2100FA1670 /* Release */ = {
			isa = XCBuildConfiguration;
			buildSettings = {
				ALWAYS_SEARCH_USER_PATHS = NO;
				CLANG_CXX_LANGUAGE_STANDARD = "gnu++0x";
				CLANG_CXX_LIBRARY = "libc++";
				CLANG_ENABLE_MODULES = YES;
				CLANG_ENABLE_OBJC_ARC = YES;
				CLANG_WARN_BOOL_CONVERSION = YES;
				CLANG_WARN_CONSTANT_CONVERSION = YES;
				CLANG_WARN_DIRECT_OBJC_ISA_USAGE = YES_ERROR;
				CLANG_WARN_EMPTY_BODY = YES;
				CLANG_WARN_ENUM_CONVERSION = YES;
				CLANG_WARN_INT_CONVERSION = YES;
				CLANG_WARN_OBJC_ROOT_CLASS = YES_ERROR;
				CLANG_WARN_UNREACHABLE_CODE = YES;
				CLANG_WARN__DUPLICATE_METHOD_MATCH = YES;
				"CODE_SIGN_IDENTITY[sdk=iphoneos*]" = "iPhone Developer";
				COPY_PHASE_STRIP = YES;
				ENABLE_NS_ASSERTIONS = NO;
				ENABLE_STRICT_OBJC_MSGSEND = YES;
				GCC_C_LANGUAGE_STANDARD = gnu99;
				GCC_WARN_64_TO_32_BIT_CONVERSION = YES;
				GCC_WARN_ABOUT_RETURN_TYPE = YES_ERROR;
				GCC_WARN_UNDECLARED_SELECTOR = YES;
				GCC_WARN_UNINITIALIZED_AUTOS = YES_AGGRESSIVE;
				GCC_WARN_UNUSED_FUNCTION = YES;
				GCC_WARN_UNUSED_VARIABLE = YES;
				IPHONEOS_DEPLOYMENT_TARGET = 8.1;
				MTL_ENABLE_DEBUG_INFO = NO;
				SDKROOT = iphoneos;
				VALIDATE_PRODUCT = YES;
			};
			name = Release;
		};
		79C47BB11A3B6F2100FA1670 /* Debug */ = {
			isa = XCBuildConfiguration;
			buildSettings = {
				ASSETCATALOG_COMPILER_APPICON_NAME = AppIcon;
				INFOPLIST_FILE = MathLibrary2/Info.plist;
				LD_RUNPATH_SEARCH_PATHS = "$(inherited) @executable_path/Frameworks";
				PRODUCT_NAME = "$(TARGET_NAME)";
			};
			name = Debug;
		};
		79C47BB21A3B6F2100FA1670 /* Release */ = {
			isa = XCBuildConfiguration;
			buildSettings = {
				ASSETCATALOG_COMPILER_APPICON_NAME = AppIcon;
				INFOPLIST_FILE = MathLibrary2/Info.plist;
				LD_RUNPATH_SEARCH_PATHS = "$(inherited) @executable_path/Frameworks";
				PRODUCT_NAME = "$(TARGET_NAME)";
			};
			name = Release;
		};
		79C47BB41A3B6F2100FA1670 /* Debug */ = {
			isa = XCBuildConfiguration;
			buildSettings = {
				BUNDLE_LOADER = "$(TEST_HOST)";
				FRAMEWORK_SEARCH_PATHS = (
					"$(SDKROOT)/Developer/Library/Frameworks",
					"$(inherited)",
				);
				GCC_PREPROCESSOR_DEFINITIONS = (
					"DEBUG=1",
					"$(inherited)",
				);
				INFOPLIST_FILE = MathLibrary2Tests/Info.plist;
				LD_RUNPATH_SEARCH_PATHS = "$(inherited) @executable_path/Frameworks @loader_path/Frameworks";
				PRODUCT_NAME = "$(TARGET_NAME)";
				TEST_HOST = "$(BUILT_PRODUCTS_DIR)/MathLibrary2.app/MathLibrary2";
			};
			name = Debug;
		};
		79C47BB51A3B6F2100FA1670 /* Release */ = {
			isa = XCBuildConfiguration;
			buildSettings = {
				BUNDLE_LOADER = "$(TEST_HOST)";
				FRAMEWORK_SEARCH_PATHS = (
					"$(SDKROOT)/Developer/Library/Frameworks",
					"$(inherited)",
				);
				INFOPLIST_FILE = MathLibrary2Tests/Info.plist;
				LD_RUNPATH_SEARCH_PATHS = "$(inherited) @executable_path/Frameworks @loader_path/Frameworks";
				PRODUCT_NAME = "$(TARGET_NAME)";
				TEST_HOST = "$(BUILT_PRODUCTS_DIR)/MathLibrary2.app/MathLibrary2";
			};
			name = Release;
		};
/* End XCBuildConfiguration section */

/* Begin XCConfigurationList section */
		79C47B8C1A3B6F2100FA1670 /* Build configuration list for PBXProject "MathLibrary2" */ = {
			isa = XCConfigurationList;
			buildConfigurations = (
				79C47BAE1A3B6F2100FA1670 /* Debug */,
				79C47BAF1A3B6F2100FA1670 /* Release */,
			);
			defaultConfigurationIsVisible = 0;
			defaultConfigurationName = Release;
		};
		79C47BB01A3B6F2100FA1670 /* Build configuration list for PBXNativeTarget "MathLibrary2" */ = {
			isa = XCConfigurationList;
			buildConfigurations = (
				79C47BB11A3B6F2100FA1670 /* Debug */,
				79C47BB21A3B6F2100FA1670 /* Release */,
			);
			defaultConfigurationIsVisible = 0;
		};
		79C47BB31A3B6F2100FA1670 /* Build configuration list for PBXNativeTarget "MathLibrary2Tests" */ = {
			isa = XCConfigurationList;
			buildConfigurations = (
				79C47BB41A3B6F2100FA1670 /* Debug */,
				79C47BB51A3B6F2100FA1670 /* Release */,
			);
			defaultConfigurationIsVisible = 0;
		};
/* End XCConfigurationList section */
	};
	rootObject = 79C47B891A3B6F2100FA1670 /* Project object */;
}
